// !$*UTF8*$!
{
	archiveVersion = 1;
	classes = {
	};
	objectVersion = 46;
	objects = {

/* Begin PBXBuildFile section */
		55FD216592A74512A7FB733F /* libPods.a in Frameworks */ = {isa = PBXBuildFile; fileRef = 3BB959D9F0D84297B13B4358 /* libPods.a */; };
		C59C1633162B380300ECDEA9 /* main.cpp in Sources */ = {isa = PBXBuildFile; fileRef = C59C1632162B380300ECDEA9 /* main.cpp */; };
		C59C1635162B380300ECDEA9 /* nuPong.1 in CopyFiles */ = {isa = PBXBuildFile; fileRef = C59C1634162B380300ECDEA9 /* nuPong.1 */; };
		C59C163F162B39C900ECDEA9 /* OpenGL.framework in Frameworks */ = {isa = PBXBuildFile; fileRef = C59C163E162B39C900ECDEA9 /* OpenGL.framework */; };
		C59C1645162B3A7500ECDEA9 /* GameState.cpp in Sources */ = {isa = PBXBuildFile; fileRef = C59C1644162B3A7500ECDEA9 /* GameState.cpp */; };
		C59C169A162B7DCE00ECDEA9 /* Wall.cpp in Sources */ = {isa = PBXBuildFile; fileRef = C59C1698162B7DCE00ECDEA9 /* Wall.cpp */; };
		C59C16A5162B909500ECDEA9 /* Paddle.cpp in Sources */ = {isa = PBXBuildFile; fileRef = C59C16A3162B909500ECDEA9 /* Paddle.cpp */; };
/* End PBXBuildFile section */

/* Begin PBXCopyFilesBuildPhase section */
		C59C162C162B380300ECDEA9 /* CopyFiles */ = {
			isa = PBXCopyFilesBuildPhase;
			buildActionMask = 2147483647;
			dstPath = /usr/share/man/man1/;
			dstSubfolderSpec = 0;
			files = (
				C59C1635162B380300ECDEA9 /* nuPong.1 in CopyFiles */,
			);
			runOnlyForDeploymentPostprocessing = 1;
		};
/* End PBXCopyFilesBuildPhase section */

/* Begin PBXFileReference section */
		3BB959D9F0D84297B13B4358 /* libPods.a */ = {isa = PBXFileReference; explicitFileType = archive.ar; includeInIndex = 0; path = libPods.a; sourceTree = BUILT_PRODUCTS_DIR; };
		8287F955550B44058C22A8B1 /* Pods.xcconfig */ = {isa = PBXFileReference; includeInIndex = 1; lastKnownFileType = text.xcconfig; name = Pods.xcconfig; path = Pods/Pods.xcconfig; sourceTree = SOURCE_ROOT; };
		C59C162E162B380300ECDEA9 /* nuPong */ = {isa = PBXFileReference; explicitFileType = "compiled.mach-o.executable"; includeInIndex = 0; path = nuPong; sourceTree = BUILT_PRODUCTS_DIR; };
		C59C1632162B380300ECDEA9 /* main.cpp */ = {isa = PBXFileReference; lastKnownFileType = sourcecode.cpp.cpp; path = main.cpp; sourceTree = "<group>"; };
		C59C1634162B380300ECDEA9 /* nuPong.1 */ = {isa = PBXFileReference; lastKnownFileType = text.man; path = nuPong.1; sourceTree = "<group>"; };
		C59C163E162B39C900ECDEA9 /* OpenGL.framework */ = {isa = PBXFileReference; includeInIndex = 1; lastKnownFileType = wrapper.framework; name = OpenGL.framework; path = System/Library/Frameworks/OpenGL.framework; sourceTree = SDKROOT; };
		C59C1644162B3A7500ECDEA9 /* GameState.cpp */ = {isa = PBXFileReference; fileEncoding = 4; lastKnownFileType = sourcecode.cpp.cpp; path = GameState.cpp; sourceTree = "<group>"; };
		C59C1646162B3B1400ECDEA9 /* GameState.h */ = {isa = PBXFileReference; lastKnownFileType = sourcecode.c.h; path = GameState.h; sourceTree = "<group>"; };
		C59C1698162B7DCE00ECDEA9 /* Wall.cpp */ = {isa = PBXFileReference; fileEncoding = 4; lastKnownFileType = sourcecode.cpp.cpp; path = Wall.cpp; sourceTree = "<group>"; };
		C59C1699162B7DCE00ECDEA9 /* Wall.h */ = {isa = PBXFileReference; fileEncoding = 4; lastKnownFileType = sourcecode.c.h; path = Wall.h; sourceTree = "<group>"; };
		C59C16A3162B909500ECDEA9 /* Paddle.cpp */ = {isa = PBXFileReference; fileEncoding = 4; lastKnownFileType = sourcecode.cpp.cpp; path = Paddle.cpp; sourceTree = "<group>"; };
		C59C16A4162B909500ECDEA9 /* Paddle.h */ = {isa = PBXFileReference; fileEncoding = 4; lastKnownFileType = sourcecode.c.h; path = Paddle.h; sourceTree = "<group>"; };
/* End PBXFileReference section */

/* Begin PBXFrameworksBuildPhase section */
		C59C162B162B380300ECDEA9 /* Frameworks */ = {
			isa = PBXFrameworksBuildPhase;
			buildActionMask = 2147483647;
			files = (
				C59C163F162B39C900ECDEA9 /* OpenGL.framework in Frameworks */,
				55FD216592A74512A7FB733F /* libPods.a in Frameworks */,
			);
			runOnlyForDeploymentPostprocessing = 0;
		};
/* End PBXFrameworksBuildPhase section */

/* Begin PBXGroup section */
		C59C1623162B380300ECDEA9 = {
			isa = PBXGroup;
			children = (
				C59C163D162B391900ECDEA9 /* Libraries */,
				C59C1631162B380300ECDEA9 /* nuPong */,
				C59C162F162B380300ECDEA9 /* Products */,
				8287F955550B44058C22A8B1 /* Pods.xcconfig */,
				3BB959D9F0D84297B13B4358 /* libPods.a */,
			);
			sourceTree = "<group>";
		};
		C59C162F162B380300ECDEA9 /* Products */ = {
			isa = PBXGroup;
			children = (
				C59C162E162B380300ECDEA9 /* nuPong */,
			);
			name = Products;
			sourceTree = "<group>";
		};
		C59C1631162B380300ECDEA9 /* nuPong */ = {
			isa = PBXGroup;
			children = (
				C59C1632162B380300ECDEA9 /* main.cpp */,
				C59C1634162B380300ECDEA9 /* nuPong.1 */,
				C59C1644162B3A7500ECDEA9 /* GameState.cpp */,
				C59C1646162B3B1400ECDEA9 /* GameState.h */,
				C59C1698162B7DCE00ECDEA9 /* Wall.cpp */,
				C59C1699162B7DCE00ECDEA9 /* Wall.h */,
				C59C16A3162B909500ECDEA9 /* Paddle.cpp */,
				C59C16A4162B909500ECDEA9 /* Paddle.h */,
			);
			path = nuPong;
			sourceTree = "<group>";
		};
		C59C163D162B391900ECDEA9 /* Libraries */ = {
			isa = PBXGroup;
			children = (
				C59C163E162B39C900ECDEA9 /* OpenGL.framework */,
			);
			name = Libraries;
			sourceTree = "<group>";
		};
/* End PBXGroup section */

/* Begin PBXNativeTarget section */
		C59C162D162B380300ECDEA9 /* nuPong */ = {
			isa = PBXNativeTarget;
			buildConfigurationList = C59C1638162B380300ECDEA9 /* Build configuration list for PBXNativeTarget "nuPong" */;
			buildPhases = (
				C59C162A162B380300ECDEA9 /* Sources */,
				C59C162B162B380300ECDEA9 /* Frameworks */,
				C59C162C162B380300ECDEA9 /* CopyFiles */,
				E9C9747F841346708449F939 /* Copy Pods Resources */,
			);
			buildRules = (
			);
			dependencies = (
			);
			name = nuPong;
			productName = nuPong;
			productReference = C59C162E162B380300ECDEA9 /* nuPong */;
			productType = "com.apple.product-type.tool";
		};
/* End PBXNativeTarget section */

/* Begin PBXProject section */
		C59C1625162B380300ECDEA9 /* Project object */ = {
			isa = PBXProject;
			attributes = {
				LastUpgradeCheck = 0450;
				ORGANIZATIONNAME = bitSpatter;
			};
			buildConfigurationList = C59C1628162B380300ECDEA9 /* Build configuration list for PBXProject "nuPong" */;
			compatibilityVersion = "Xcode 3.2";
			developmentRegion = English;
			hasScannedForEncodings = 0;
			knownRegions = (
				en,
			);
			mainGroup = C59C1623162B380300ECDEA9;
			productRefGroup = C59C162F162B380300ECDEA9 /* Products */;
			projectDirPath = "";
			projectRoot = "";
			targets = (
				C59C162D162B380300ECDEA9 /* nuPong */,
			);
		};
/* End PBXProject section */

/* Begin PBXShellScriptBuildPhase section */
		E9C9747F841346708449F939 /* Copy Pods Resources */ = {
			isa = PBXShellScriptBuildPhase;
			buildActionMask = 2147483647;
			files = (
			);
			inputPaths = (
			);
			name = "Copy Pods Resources";
			outputPaths = (
			);
			runOnlyForDeploymentPostprocessing = 0;
			shellPath = /bin/sh;
			shellScript = "\"${SRCROOT}/Pods/Pods-resources.sh\"\n";
		};
/* End PBXShellScriptBuildPhase section */

/* Begin PBXSourcesBuildPhase section */
		C59C162A162B380300ECDEA9 /* Sources */ = {
			isa = PBXSourcesBuildPhase;
			buildActionMask = 2147483647;
			files = (
				C59C1633162B380300ECDEA9 /* main.cpp in Sources */,
				C59C1645162B3A7500ECDEA9 /* GameState.cpp in Sources */,
				C59C169A162B7DCE00ECDEA9 /* Wall.cpp in Sources */,
				C59C16A5162B909500ECDEA9 /* Paddle.cpp in Sources */,
			);
			runOnlyForDeploymentPostprocessing = 0;
		};
/* End PBXSourcesBuildPhase section */

/* Begin XCBuildConfiguration section */
		C59C1636162B380300ECDEA9 /* Debug */ = {
			isa = XCBuildConfiguration;
			buildSettings = {
				ALWAYS_SEARCH_USER_PATHS = NO;
				ARCHS = "$(ARCHS_STANDARD_64_BIT)";
				CLANG_CXX_LANGUAGE_STANDARD = "gnu++0x";
				CLANG_CXX_LIBRARY = "libc++";
				CLANG_WARN_EMPTY_BODY = YES;
				CLANG_WARN__DUPLICATE_METHOD_MATCH = YES;
				COPY_PHASE_STRIP = NO;
				GCC_C_LANGUAGE_STANDARD = gnu99;
				GCC_DYNAMIC_NO_PIC = NO;
				GCC_ENABLE_OBJC_EXCEPTIONS = YES;
				GCC_OPTIMIZATION_LEVEL = 0;
				GCC_PREPROCESSOR_DEFINITIONS = (
					"DEBUG=1",
					"$(inherited)",
				);
				GCC_SYMBOLS_PRIVATE_EXTERN = NO;
				GCC_WARN_64_TO_32_BIT_CONVERSION = YES;
				GCC_WARN_ABOUT_RETURN_TYPE = YES;
				GCC_WARN_UNINITIALIZED_AUTOS = YES;
				GCC_WARN_UNUSED_VARIABLE = YES;
				HEADER_SEARCH_PATHS = /usr/local/include;
				LIBRARY_SEARCH_PATHS = /usr/local/lib;
				MACOSX_DEPLOYMENT_TARGET = 10.7;
				ONLY_ACTIVE_ARCH = YES;
				SDKROOT = macosx;
			};
			name = Debug;
		};
		C59C1637162B380300ECDEA9 /* Release */ = {
			isa = XCBuildConfiguration;
			buildSettings = {
				ALWAYS_SEARCH_USER_PATHS = NO;
				ARCHS = "$(ARCHS_STANDARD_64_BIT)";
				CLANG_CXX_LANGUAGE_STANDARD = "gnu++0x";
				CLANG_CXX_LIBRARY = "libc++";
				CLANG_WARN_EMPTY_BODY = YES;
				CLANG_WARN__DUPLICATE_METHOD_MATCH = YES;
				COPY_PHASE_STRIP = YES;
				DEBUG_INFORMATION_FORMAT = "dwarf-with-dsym";
				GCC_C_LANGUAGE_STANDARD = gnu99;
				GCC_ENABLE_OBJC_EXCEPTIONS = YES;
				GCC_WARN_64_TO_32_BIT_CONVERSION = YES;
				GCC_WARN_ABOUT_RETURN_TYPE = YES;
				GCC_WARN_UNINITIALIZED_AUTOS = YES;
				GCC_WARN_UNUSED_VARIABLE = YES;
				HEADER_SEARCH_PATHS = /usr/local/include;
				LIBRARY_SEARCH_PATHS = /usr/local/lib;
				MACOSX_DEPLOYMENT_TARGET = 10.7;
				SDKROOT = macosx;
			};
			name = Release;
		};
		C59C1639162B380300ECDEA9 /* Debug */ = {
			isa = XCBuildConfiguration;
			baseConfigurationReference = 8287F955550B44058C22A8B1 /* Pods.xcconfig */;
			buildSettings = {
				PRODUCT_NAME = "$(TARGET_NAME)";
			};
			name = Debug;
		};
		C59C163A162B380300ECDEA9 /* Release */ = {
			isa = XCBuildConfiguration;
			baseConfigurationReference = 8287F955550B44058C22A8B1 /* Pods.xcconfig */;
			buildSettings = {
				PRODUCT_NAME = "$(TARGET_NAME)";
			};
			name = Release;
		};
/* End XCBuildConfiguration section */

/* Begin XCConfigurationList section */
		C59C1628162B380300ECDEA9 /* Build configuration list for PBXProject "nuPong" */ = {
			isa = XCConfigurationList;
			buildConfigurations = (
				C59C1636162B380300ECDEA9 /* Debug */,
				C59C1637162B380300ECDEA9 /* Release */,
			);
			defaultConfigurationIsVisible = 0;
			defaultConfigurationName = Release;
		};
		C59C1638162B380300ECDEA9 /* Build configuration list for PBXNativeTarget "nuPong" */ = {
			isa = XCConfigurationList;
			buildConfigurations = (
				C59C1639162B380300ECDEA9 /* Debug */,
				C59C163A162B380300ECDEA9 /* Release */,
			);
			defaultConfigurationIsVisible = 0;
			defaultConfigurationName = Release;
		};
/* End XCConfigurationList section */
	};
	rootObject = C59C1625162B380300ECDEA9 /* Project object */;
}
